// !$*UTF8*$!
{
	archiveVersion = 1;
	classes = {
	};
	objectVersion = 46;
	objects = {

/* Begin PBXBuildFile section */
		804D01FB1BA3687E0005BBC4 /* Curry.swift in Sources */ = {isa = PBXBuildFile; fileRef = F88630991B4EFD7600F53969 /* Curry.swift */; };
		804D01FC1BA368820005BBC4 /* Curry.h in Headers */ = {isa = PBXBuildFile; fileRef = F88630741B4EF9B200F53969 /* Curry.h */; settings = {ATTRIBUTES = (Public, ); }; };
		80E0590F1BA9FAC10077CBA7 /* Curry.swift in Sources */ = {isa = PBXBuildFile; fileRef = F88630991B4EFD7600F53969 /* Curry.swift */; };
		80E059101BA9FAC50077CBA7 /* Curry.h in Headers */ = {isa = PBXBuildFile; fileRef = F88630741B4EF9B200F53969 /* Curry.h */; settings = {ATTRIBUTES = (Public, ); }; };
		F88630761B4EF9B200F53969 /* Curry.h in Headers */ = {isa = PBXBuildFile; fileRef = F88630741B4EF9B200F53969 /* Curry.h */; settings = {ATTRIBUTES = (Public, ); }; };
		F88630961B4EFA2700F53969 /* Curry.h in Headers */ = {isa = PBXBuildFile; fileRef = F88630741B4EF9B200F53969 /* Curry.h */; settings = {ATTRIBUTES = (Public, ); }; };
		F886309A1B4EFD7600F53969 /* Curry.swift in Sources */ = {isa = PBXBuildFile; fileRef = F88630991B4EFD7600F53969 /* Curry.swift */; };
		F886309B1B4EFD7600F53969 /* Curry.swift in Sources */ = {isa = PBXBuildFile; fileRef = F88630991B4EFD7600F53969 /* Curry.swift */; };
/* End PBXBuildFile section */

/* Begin PBXFileReference section */
		804D01F31BA3684C0005BBC4 /* Curry.framework */ = {isa = PBXFileReference; explicitFileType = wrapper.framework; includeInIndex = 0; path = Curry.framework; sourceTree = BUILT_PRODUCTS_DIR; };
		80E059071BA9FA7F0077CBA7 /* Curry.framework */ = {isa = PBXFileReference; explicitFileType = wrapper.framework; includeInIndex = 0; path = Curry.framework; sourceTree = BUILT_PRODUCTS_DIR; };
		F88630561B4EF96200F53969 /* Curry.framework */ = {isa = PBXFileReference; explicitFileType = wrapper.framework; includeInIndex = 0; path = Curry.framework; sourceTree = BUILT_PRODUCTS_DIR; };
		F88630741B4EF9B200F53969 /* Curry.h */ = {isa = PBXFileReference; fileEncoding = 4; lastKnownFileType = sourcecode.c.h; path = Curry.h; sourceTree = "<group>"; };
		F88630751B4EF9B200F53969 /* Info.plist */ = {isa = PBXFileReference; fileEncoding = 4; lastKnownFileType = text.plist.xml; path = Info.plist; sourceTree = "<group>"; };
		F886307D1B4EF9F800F53969 /* Curry.framework */ = {isa = PBXFileReference; explicitFileType = wrapper.framework; includeInIndex = 0; path = Curry.framework; sourceTree = BUILT_PRODUCTS_DIR; };
		F88630991B4EFD7600F53969 /* Curry.swift */ = {isa = PBXFileReference; fileEncoding = 4; lastKnownFileType = sourcecode.swift; path = Curry.swift; sourceTree = "<group>"; };
/* End PBXFileReference section */

/* Begin PBXFrameworksBuildPhase section */
		804D01EF1BA3684C0005BBC4 /* Frameworks */ = {
			isa = PBXFrameworksBuildPhase;
			buildActionMask = 2147483647;
			files = (
			);
			runOnlyForDeploymentPostprocessing = 0;
		};
		80E059031BA9FA7F0077CBA7 /* Frameworks */ = {
			isa = PBXFrameworksBuildPhase;
			buildActionMask = 2147483647;
			files = (
			);
			runOnlyForDeploymentPostprocessing = 0;
		};
		F88630521B4EF96200F53969 /* Frameworks */ = {
			isa = PBXFrameworksBuildPhase;
			buildActionMask = 2147483647;
			files = (
			);
			runOnlyForDeploymentPostprocessing = 0;
		};
		F88630791B4EF9F800F53969 /* Frameworks */ = {
			isa = PBXFrameworksBuildPhase;
			buildActionMask = 2147483647;
			files = (
			);
			runOnlyForDeploymentPostprocessing = 0;
		};
/* End PBXFrameworksBuildPhase section */

/* Begin PBXGroup section */
		F886304C1B4EF96200F53969 = {
			isa = PBXGroup;
			children = (
				F88630731B4EF9B200F53969 /* Resources */,
				F88630721B4EF9B200F53969 /* Source */,
				F88630571B4EF96200F53969 /* Products */,
			);
			sourceTree = "<group>";
		};
		F88630571B4EF96200F53969 /* Products */ = {
			isa = PBXGroup;
			children = (
				F88630561B4EF96200F53969 /* Curry.framework */,
				F886307D1B4EF9F800F53969 /* Curry.framework */,
				804D01F31BA3684C0005BBC4 /* Curry.framework */,
				80E059071BA9FA7F0077CBA7 /* Curry.framework */,
			);
			name = Products;
			sourceTree = "<group>";
		};
		F88630721B4EF9B200F53969 /* Source */ = {
			isa = PBXGroup;
			children = (
				F88630991B4EFD7600F53969 /* Curry.swift */,
			);
			path = Source;
			sourceTree = "<group>";
		};
		F88630731B4EF9B200F53969 /* Resources */ = {
			isa = PBXGroup;
			children = (
				F88630741B4EF9B200F53969 /* Curry.h */,
				F88630751B4EF9B200F53969 /* Info.plist */,
			);
			path = Resources;
			sourceTree = "<group>";
		};
/* End PBXGroup section */

/* Begin PBXHeadersBuildPhase section */
		804D01F01BA3684C0005BBC4 /* Headers */ = {
			isa = PBXHeadersBuildPhase;
			buildActionMask = 2147483647;
			files = (
				804D01FC1BA368820005BBC4 /* Curry.h in Headers */,
			);
			runOnlyForDeploymentPostprocessing = 0;
		};
		80E059041BA9FA7F0077CBA7 /* Headers */ = {
			isa = PBXHeadersBuildPhase;
			buildActionMask = 2147483647;
			files = (
				80E059101BA9FAC50077CBA7 /* Curry.h in Headers */,
			);
			runOnlyForDeploymentPostprocessing = 0;
		};
		F88630531B4EF96200F53969 /* Headers */ = {
			isa = PBXHeadersBuildPhase;
			buildActionMask = 2147483647;
			files = (
				F88630761B4EF9B200F53969 /* Curry.h in Headers */,
			);
			runOnlyForDeploymentPostprocessing = 0;
		};
		F886307A1B4EF9F800F53969 /* Headers */ = {
			isa = PBXHeadersBuildPhase;
			buildActionMask = 2147483647;
			files = (
				F88630961B4EFA2700F53969 /* Curry.h in Headers */,
			);
			runOnlyForDeploymentPostprocessing = 0;
		};
/* End PBXHeadersBuildPhase section */

/* Begin PBXNativeTarget section */
		804D01F21BA3684C0005BBC4 /* Curry-watchOS */ = {
			isa = PBXNativeTarget;
			buildConfigurationList = 804D01FA1BA3684C0005BBC4 /* Build configuration list for PBXNativeTarget "Curry-watchOS" */;
			buildPhases = (
				804D01EE1BA3684C0005BBC4 /* Sources */,
				804D01EF1BA3684C0005BBC4 /* Frameworks */,
				804D01F01BA3684C0005BBC4 /* Headers */,
				804D01F11BA3684C0005BBC4 /* Resources */,
			);
			buildRules = (
			);
			dependencies = (
			);
			name = "Curry-watchOS";
			productName = "Curry-watchOS";
			productReference = 804D01F31BA3684C0005BBC4 /* Curry.framework */;
			productType = "com.apple.product-type.framework";
		};
		80E059061BA9FA7F0077CBA7 /* Curry-tvOS */ = {
			isa = PBXNativeTarget;
			buildConfigurationList = 80E0590E1BA9FA7F0077CBA7 /* Build configuration list for PBXNativeTarget "Curry-tvOS" */;
			buildPhases = (
				80E059021BA9FA7F0077CBA7 /* Sources */,
				80E059031BA9FA7F0077CBA7 /* Frameworks */,
				80E059041BA9FA7F0077CBA7 /* Headers */,
				80E059051BA9FA7F0077CBA7 /* Resources */,
			);
			buildRules = (
			);
			dependencies = (
			);
			name = "Curry-tvOS";
			productName = "Curry-tvOS";
			productReference = 80E059071BA9FA7F0077CBA7 /* Curry.framework */;
			productType = "com.apple.product-type.framework";
		};
		F88630551B4EF96200F53969 /* Curry-iOS */ = {
			isa = PBXNativeTarget;
			buildConfigurationList = F886306C1B4EF96200F53969 /* Build configuration list for PBXNativeTarget "Curry-iOS" */;
			buildPhases = (
				F88630511B4EF96200F53969 /* Sources */,
				F88630521B4EF96200F53969 /* Frameworks */,
				F88630531B4EF96200F53969 /* Headers */,
				F88630541B4EF96200F53969 /* Resources */,
			);
			buildRules = (
			);
			dependencies = (
			);
			name = "Curry-iOS";
			productName = Curry;
			productReference = F88630561B4EF96200F53969 /* Curry.framework */;
			productType = "com.apple.product-type.framework";
		};
		F886307C1B4EF9F800F53969 /* Curry-Mac */ = {
			isa = PBXNativeTarget;
			buildConfigurationList = F88630901B4EF9F800F53969 /* Build configuration list for PBXNativeTarget "Curry-Mac" */;
			buildPhases = (
				F88630781B4EF9F800F53969 /* Sources */,
				F88630791B4EF9F800F53969 /* Frameworks */,
				F886307A1B4EF9F800F53969 /* Headers */,
				F886307B1B4EF9F800F53969 /* Resources */,
			);
			buildRules = (
			);
			dependencies = (
			);
			name = "Curry-Mac";
			productName = "Curry-Mac";
			productReference = F886307D1B4EF9F800F53969 /* Curry.framework */;
			productType = "com.apple.product-type.framework";
		};
/* End PBXNativeTarget section */

/* Begin PBXProject section */
		F886304D1B4EF96200F53969 /* Project object */ = {
			isa = PBXProject;
			attributes = {
				LastSwiftUpdateCheck = 0700;
				LastUpgradeCheck = 0800;
				ORGANIZATIONNAME = thoughtbot;
				TargetAttributes = {
					804D01F21BA3684C0005BBC4 = {
						CreatedOnToolsVersion = 7.0;
						LastSwiftMigration = 0800;
					};
					80E059061BA9FA7F0077CBA7 = {
						CreatedOnToolsVersion = 7.1;
						LastSwiftMigration = 0800;
					};
					F88630551B4EF96200F53969 = {
						CreatedOnToolsVersion = 6.4;
						LastSwiftMigration = 0800;
					};
					F886307C1B4EF9F800F53969 = {
						CreatedOnToolsVersion = 6.4;
						LastSwiftMigration = 0800;
					};
				};
			};
			buildConfigurationList = F88630501B4EF96200F53969 /* Build configuration list for PBXProject "Curry" */;
			compatibilityVersion = "Xcode 3.2";
			developmentRegion = English;
			hasScannedForEncodings = 0;
			knownRegions = (
				en,
			);
			mainGroup = F886304C1B4EF96200F53969;
			productRefGroup = F88630571B4EF96200F53969 /* Products */;
			projectDirPath = "";
			projectRoot = "";
			targets = (
				F88630551B4EF96200F53969 /* Curry-iOS */,
				F886307C1B4EF9F800F53969 /* Curry-Mac */,
				804D01F21BA3684C0005BBC4 /* Curry-watchOS */,
				80E059061BA9FA7F0077CBA7 /* Curry-tvOS */,
			);
		};
/* End PBXProject section */

/* Begin PBXResourcesBuildPhase section */
		804D01F11BA3684C0005BBC4 /* Resources */ = {
			isa = PBXResourcesBuildPhase;
			buildActionMask = 2147483647;
			files = (
			);
			runOnlyForDeploymentPostprocessing = 0;
		};
		80E059051BA9FA7F0077CBA7 /* Resources */ = {
			isa = PBXResourcesBuildPhase;
			buildActionMask = 2147483647;
			files = (
			);
			runOnlyForDeploymentPostprocessing = 0;
		};
		F88630541B4EF96200F53969 /* Resources */ = {
			isa = PBXResourcesBuildPhase;
			buildActionMask = 2147483647;
			files = (
			);
			runOnlyForDeploymentPostprocessing = 0;
		};
		F886307B1B4EF9F800F53969 /* Resources */ = {
			isa = PBXResourcesBuildPhase;
			buildActionMask = 2147483647;
			files = (
			);
			runOnlyForDeploymentPostprocessing = 0;
		};
/* End PBXResourcesBuildPhase section */

/* Begin PBXSourcesBuildPhase section */
		804D01EE1BA3684C0005BBC4 /* Sources */ = {
			isa = PBXSourcesBuildPhase;
			buildActionMask = 2147483647;
			files = (
				804D01FB1BA3687E0005BBC4 /* Curry.swift in Sources */,
			);
			runOnlyForDeploymentPostprocessing = 0;
		};
		80E059021BA9FA7F0077CBA7 /* Sources */ = {
			isa = PBXSourcesBuildPhase;
			buildActionMask = 2147483647;
			files = (
				80E0590F1BA9FAC10077CBA7 /* Curry.swift in Sources */,
			);
			runOnlyForDeploymentPostprocessing = 0;
		};
		F88630511B4EF96200F53969 /* Sources */ = {
			isa = PBXSourcesBuildPhase;
			buildActionMask = 2147483647;
			files = (
				F886309A1B4EFD7600F53969 /* Curry.swift in Sources */,
			);
			runOnlyForDeploymentPostprocessing = 0;
		};
		F88630781B4EF9F800F53969 /* Sources */ = {
			isa = PBXSourcesBuildPhase;
			buildActionMask = 2147483647;
			files = (
				F886309B1B4EFD7600F53969 /* Curry.swift in Sources */,
			);
			runOnlyForDeploymentPostprocessing = 0;
		};
/* End PBXSourcesBuildPhase section */

/* Begin XCBuildConfiguration section */
		804D01F81BA3684C0005BBC4 /* Debug */ = {
			isa = XCBuildConfiguration;
			buildSettings = {
				APPLICATION_EXTENSION_API_ONLY = YES;
				DEBUG_INFORMATION_FORMAT = dwarf;
				DEFINES_MODULE = YES;
				DYLIB_COMPATIBILITY_VERSION = 1;
				DYLIB_CURRENT_VERSION = 1;
				DYLIB_INSTALL_NAME_BASE = "@rpath";
				ENABLE_BITCODE = YES;
				ENABLE_TESTABILITY = YES;
				INFOPLIST_FILE = Resources/Info.plist;
				INSTALL_PATH = "$(LOCAL_LIBRARY_DIR)/Frameworks";
				LD_RUNPATH_SEARCH_PATHS = "$(inherited) @executable_path/Frameworks @loader_path/Frameworks";
				PRODUCT_BUNDLE_IDENTIFIER = "com.thoughtbot.$(PRODUCT_NAME:rfc1034identifier)";
				PRODUCT_NAME = Curry;
				SDKROOT = watchos;
				SKIP_INSTALL = YES;
				TARGETED_DEVICE_FAMILY = 4;
				WATCHOS_DEPLOYMENT_TARGET = 2.0;
			};
			name = Debug;
		};
		804D01F91BA3684C0005BBC4 /* Release */ = {
			isa = XCBuildConfiguration;
			buildSettings = {
				APPLICATION_EXTENSION_API_ONLY = YES;
				DEFINES_MODULE = YES;
				DYLIB_COMPATIBILITY_VERSION = 1;
				DYLIB_CURRENT_VERSION = 1;
				DYLIB_INSTALL_NAME_BASE = "@rpath";
				ENABLE_BITCODE = YES;
				INFOPLIST_FILE = Resources/Info.plist;
				INSTALL_PATH = "$(LOCAL_LIBRARY_DIR)/Frameworks";
				LD_RUNPATH_SEARCH_PATHS = "$(inherited) @executable_path/Frameworks @loader_path/Frameworks";
				PRODUCT_BUNDLE_IDENTIFIER = "com.thoughtbot.$(PRODUCT_NAME:rfc1034identifier)";
				PRODUCT_NAME = Curry;
				SDKROOT = watchos;
				SKIP_INSTALL = YES;
				SWIFT_OPTIMIZATION_LEVEL = "-Owholemodule";
				TARGETED_DEVICE_FAMILY = 4;
				WATCHOS_DEPLOYMENT_TARGET = 2.0;
			};
			name = Release;
		};
		80E0590C1BA9FA7F0077CBA7 /* Debug */ = {
			isa = XCBuildConfiguration;
			buildSettings = {
				APPLICATION_EXTENSION_API_ONLY = YES;
				DEBUG_INFORMATION_FORMAT = dwarf;
				DEFINES_MODULE = YES;
				DYLIB_COMPATIBILITY_VERSION = 1;
				DYLIB_CURRENT_VERSION = 1;
				DYLIB_INSTALL_NAME_BASE = "@rpath";
				ENABLE_BITCODE = YES;
				ENABLE_TESTABILITY = YES;
				INFOPLIST_FILE = Resources/Info.plist;
				INSTALL_PATH = "$(LOCAL_LIBRARY_DIR)/Frameworks";
				LD_RUNPATH_SEARCH_PATHS = "$(inherited) @executable_path/Frameworks @loader_path/Frameworks";
				PRODUCT_BUNDLE_IDENTIFIER = "com.thoughtbot.$(PRODUCT_NAME:rfc1034identifier)";
				PRODUCT_NAME = Curry;
				SDKROOT = appletvos;
				SKIP_INSTALL = YES;
				TARGETED_DEVICE_FAMILY = 3;
				TVOS_DEPLOYMENT_TARGET = 9.0;
			};
			name = Debug;
		};
		80E0590D1BA9FA7F0077CBA7 /* Release */ = {
			isa = XCBuildConfiguration;
			buildSettings = {
				APPLICATION_EXTENSION_API_ONLY = YES;
				DEFINES_MODULE = YES;
				DYLIB_COMPATIBILITY_VERSION = 1;
				DYLIB_CURRENT_VERSION = 1;
				DYLIB_INSTALL_NAME_BASE = "@rpath";
				ENABLE_BITCODE = YES;
				INFOPLIST_FILE = Resources/Info.plist;
				INSTALL_PATH = "$(LOCAL_LIBRARY_DIR)/Frameworks";
				LD_RUNPATH_SEARCH_PATHS = "$(inherited) @executable_path/Frameworks @loader_path/Frameworks";
				PRODUCT_BUNDLE_IDENTIFIER = "com.thoughtbot.$(PRODUCT_NAME:rfc1034identifier)";
				PRODUCT_NAME = Curry;
				SDKROOT = appletvos;
				SKIP_INSTALL = YES;
				SWIFT_OPTIMIZATION_LEVEL = "-Owholemodule";
				TARGETED_DEVICE_FAMILY = 3;
				TVOS_DEPLOYMENT_TARGET = 9.0;
			};
			name = Release;
		};
		F886306A1B4EF96200F53969 /* Debug */ = {
			isa = XCBuildConfiguration;
			buildSettings = {
				ALWAYS_SEARCH_USER_PATHS = NO;
				CLANG_CXX_LANGUAGE_STANDARD = "gnu++0x";
				CLANG_CXX_LIBRARY = "libc++";
				CLANG_ENABLE_MODULES = YES;
				CLANG_ENABLE_OBJC_ARC = YES;
				CLANG_WARN_BOOL_CONVERSION = YES;
				CLANG_WARN_CONSTANT_CONVERSION = YES;
				CLANG_WARN_DIRECT_OBJC_ISA_USAGE = YES_ERROR;
				CLANG_WARN_EMPTY_BODY = YES;
				CLANG_WARN_ENUM_CONVERSION = YES;
				CLANG_WARN_INT_CONVERSION = YES;
				CLANG_WARN_OBJC_ROOT_CLASS = YES_ERROR;
				CLANG_WARN_UNREACHABLE_CODE = YES;
				CLANG_WARN__DUPLICATE_METHOD_MATCH = YES;
				"CODE_SIGN_IDENTITY[sdk=iphoneos*]" = "iPhone Developer";
				COPY_PHASE_STRIP = NO;
				CURRENT_PROJECT_VERSION = 1;
				DEBUG_INFORMATION_FORMAT = "dwarf-with-dsym";
				ENABLE_STRICT_OBJC_MSGSEND = YES;
				ENABLE_TESTABILITY = YES;
				GCC_C_LANGUAGE_STANDARD = gnu99;
				GCC_DYNAMIC_NO_PIC = NO;
				GCC_NO_COMMON_BLOCKS = YES;
				GCC_OPTIMIZATION_LEVEL = 0;
				GCC_PREPROCESSOR_DEFINITIONS = (
					"DEBUG=1",
					"$(inherited)",
				);
				GCC_SYMBOLS_PRIVATE_EXTERN = NO;
				GCC_WARN_64_TO_32_BIT_CONVERSION = YES;
				GCC_WARN_ABOUT_RETURN_TYPE = YES_ERROR;
				GCC_WARN_UNDECLARED_SELECTOR = YES;
				GCC_WARN_UNINITIALIZED_AUTOS = YES_AGGRESSIVE;
				GCC_WARN_UNUSED_FUNCTION = YES;
				GCC_WARN_UNUSED_VARIABLE = YES;
				IPHONEOS_DEPLOYMENT_TARGET = 8.0;
				MTL_ENABLE_DEBUG_INFO = YES;
				ONLY_ACTIVE_ARCH = YES;
				SDKROOT = iphoneos;
				SWIFT_OPTIMIZATION_LEVEL = "-Onone";
				SWIFT_VERSION = 3.0;
				TARGETED_DEVICE_FAMILY = "1,2";
				VERSIONING_SYSTEM = "apple-generic";
				VERSION_INFO_PREFIX = "";
			};
			name = Debug;
		};
		F886306B1B4EF96200F53969 /* Release */ = {
			isa = XCBuildConfiguration;
			buildSettings = {
				ALWAYS_SEARCH_USER_PATHS = NO;
				CLANG_CXX_LANGUAGE_STANDARD = "gnu++0x";
				CLANG_CXX_LIBRARY = "libc++";
				CLANG_ENABLE_MODULES = YES;
				CLANG_ENABLE_OBJC_ARC = YES;
				CLANG_WARN_BOOL_CONVERSION = YES;
				CLANG_WARN_CONSTANT_CONVERSION = YES;
				CLANG_WARN_DIRECT_OBJC_ISA_USAGE = YES_ERROR;
				CLANG_WARN_EMPTY_BODY = YES;
				CLANG_WARN_ENUM_CONVERSION = YES;
				CLANG_WARN_INT_CONVERSION = YES;
				CLANG_WARN_OBJC_ROOT_CLASS = YES_ERROR;
				CLANG_WARN_UNREACHABLE_CODE = YES;
				CLANG_WARN__DUPLICATE_METHOD_MATCH = YES;
				"CODE_SIGN_IDENTITY[sdk=iphoneos*]" = "iPhone Developer";
				COPY_PHASE_STRIP = NO;
				CURRENT_PROJECT_VERSION = 1;
				DEBUG_INFORMATION_FORMAT = "dwarf-with-dsym";
				ENABLE_NS_ASSERTIONS = NO;
				ENABLE_STRICT_OBJC_MSGSEND = YES;
				GCC_C_LANGUAGE_STANDARD = gnu99;
				GCC_NO_COMMON_BLOCKS = YES;
				GCC_WARN_64_TO_32_BIT_CONVERSION = YES;
				GCC_WARN_ABOUT_RETURN_TYPE = YES_ERROR;
				GCC_WARN_UNDECLARED_SELECTOR = YES;
				GCC_WARN_UNINITIALIZED_AUTOS = YES_AGGRESSIVE;
				GCC_WARN_UNUSED_FUNCTION = YES;
				GCC_WARN_UNUSED_VARIABLE = YES;
				IPHONEOS_DEPLOYMENT_TARGET = 8.0;
				MTL_ENABLE_DEBUG_INFO = NO;
				SDKROOT = iphoneos;
				SWIFT_VERSION = 3.0;
				TARGETED_DEVICE_FAMILY = "1,2";
				VALIDATE_PRODUCT = YES;
				VERSIONING_SYSTEM = "apple-generic";
				VERSION_INFO_PREFIX = "";
			};
			name = Release;
		};
		F886306D1B4EF96200F53969 /* Debug */ = {
			isa = XCBuildConfiguration;
			buildSettings = {
				APPLICATION_EXTENSION_API_ONLY = YES;
				CLANG_ENABLE_MODULES = YES;
				DEFINES_MODULE = YES;
				DYLIB_COMPATIBILITY_VERSION = 1;
				DYLIB_CURRENT_VERSION = 1;
				DYLIB_INSTALL_NAME_BASE = "@rpath";
				INFOPLIST_FILE = Resources/Info.plist;
				INSTALL_PATH = "$(LOCAL_LIBRARY_DIR)/Frameworks";
				LD_RUNPATH_SEARCH_PATHS = "$(inherited) @executable_path/Frameworks @loader_path/Frameworks";
				PRODUCT_BUNDLE_IDENTIFIER = "com.thoughtbot.$(PRODUCT_NAME:rfc1034identifier)";
				PRODUCT_NAME = Curry;
				SKIP_INSTALL = YES;
				SWIFT_OPTIMIZATION_LEVEL = "-Onone";
				SWIFT_VERSION = 3.0;
			};
			name = Debug;
		};
		F886306E1B4EF96200F53969 /* Release */ = {
			isa = XCBuildConfiguration;
			buildSettings = {
				APPLICATION_EXTENSION_API_ONLY = YES;
				CLANG_ENABLE_MODULES = YES;
				DEFINES_MODULE = YES;
				DYLIB_COMPATIBILITY_VERSION = 1;
				DYLIB_CURRENT_VERSION = 1;
				DYLIB_INSTALL_NAME_BASE = "@rpath";
				INFOPLIST_FILE = Resources/Info.plist;
				INSTALL_PATH = "$(LOCAL_LIBRARY_DIR)/Frameworks";
				LD_RUNPATH_SEARCH_PATHS = "$(inherited) @executable_path/Frameworks @loader_path/Frameworks";
				PRODUCT_BUNDLE_IDENTIFIER = "com.thoughtbot.$(PRODUCT_NAME:rfc1034identifier)";
				PRODUCT_NAME = Curry;
				SKIP_INSTALL = YES;
				SWIFT_OPTIMIZATION_LEVEL = "-Owholemodule";
				SWIFT_VERSION = 3.0;
			};
			name = Release;
		};
		F88630911B4EF9F800F53969 /* Debug */ = {
			isa = XCBuildConfiguration;
			buildSettings = {
				APPLICATION_EXTENSION_API_ONLY = YES;
				COMBINE_HIDPI_IMAGES = YES;
				DEBUG_INFORMATION_FORMAT = dwarf;
				DEFINES_MODULE = YES;
				DYLIB_COMPATIBILITY_VERSION = 1;
				DYLIB_CURRENT_VERSION = 1;
				DYLIB_INSTALL_NAME_BASE = "@rpath";
				FRAMEWORK_VERSION = A;
				GCC_PREPROCESSOR_DEFINITIONS = (
					"DEBUG=1",
					"$(inherited)",
				);
				INFOPLIST_FILE = Resources/Info.plist;
				INSTALL_PATH = "$(LOCAL_LIBRARY_DIR)/Frameworks";
				LD_RUNPATH_SEARCH_PATHS = "$(inherited) @executable_path/../Frameworks @loader_path/Frameworks";
				MACOSX_DEPLOYMENT_TARGET = 10.9;
				PRODUCT_BUNDLE_IDENTIFIER = "com.thoughtbot.$(PRODUCT_NAME:rfc1034identifier)";
				PRODUCT_NAME = Curry;
				SDKROOT = macosx;
				SKIP_INSTALL = YES;
			};
			name = Debug;
		};
		F88630921B4EF9F800F53969 /* Release */ = {
			isa = XCBuildConfiguration;
			buildSettings = {
				APPLICATION_EXTENSION_API_ONLY = YES;
				COMBINE_HIDPI_IMAGES = YES;
				DEFINES_MODULE = YES;
				DYLIB_COMPATIBILITY_VERSION = 1;
				DYLIB_CURRENT_VERSION = 1;
				DYLIB_INSTALL_NAME_BASE = "@rpath";
				FRAMEWORK_VERSION = A;
				INFOPLIST_FILE = Resources/Info.plist;
				INSTALL_PATH = "$(LOCAL_LIBRARY_DIR)/Frameworks";
				LD_RUNPATH_SEARCH_PATHS = "$(inherited) @executable_path/../Frameworks @loader_path/Frameworks";
				MACOSX_DEPLOYMENT_TARGET = 10.9;
				PRODUCT_BUNDLE_IDENTIFIER = "com.thoughtbot.$(PRODUCT_NAME:rfc1034identifier)";
				PRODUCT_NAME = Curry;
				SDKROOT = macosx;
				SKIP_INSTALL = YES;
				SWIFT_OPTIMIZATION_LEVEL = "-Owholemodule";
			};
			name = Release;
		};
/* End XCBuildConfiguration section */

/* Begin XCConfigurationList section */
		804D01FA1BA3684C0005BBC4 /* Build configuration list for PBXNativeTarget "Curry-watchOS" */ = {
			isa = XCConfigurationList;
			buildConfigurations = (
				804D01F81BA3684C0005BBC4 /* Debug */,
				804D01F91BA3684C0005BBC4 /* Release */,
			);
			defaultConfigurationIsVisible = 0;
			defaultConfigurationName = Release;
		};
		80E0590E1BA9FA7F0077CBA7 /* Build configuration list for PBXNativeTarget "Curry-tvOS" */ = {
			isa = XCConfigurationList;
			buildConfigurations = (
				80E0590C1BA9FA7F0077CBA7 /* Debug */,
				80E0590D1BA9FA7F0077CBA7 /* Release */,
			);
			defaultConfigurationIsVisible = 0;
			defaultConfigurationName = Release;
		};
		F88630501B4EF96200F53969 /* Build configuration list for PBXProject "Curry" */ = {
			isa = XCConfigurationList;
			buildConfigurations = (
				F886306A1B4EF96200F53969 /* Debug */,
				F886306B1B4EF96200F53969 /* Release */,
			);
			defaultConfigurationIsVisible = 0;
			defaultConfigurationName = Release;
		};
		F886306C1B4EF96200F53969 /* Build configuration list for PBXNativeTarget "Curry-iOS" */ = {
			isa = XCConfigurationList;
			buildConfigurations = (
				F886306D1B4EF96200F53969 /* Debug */,
				F886306E1B4EF96200F53969 /* Release */,
			);
			defaultConfigurationIsVisible = 0;
			defaultConfigurationName = Release;
		};
		F88630901B4EF9F800F53969 /* Build configuration list for PBXNativeTarget "Curry-Mac" */ = {
			isa = XCConfigurationList;
			buildConfigurations = (
				F88630911B4EF9F800F53969 /* Debug */,
				F88630921B4EF9F800F53969 /* Release */,
			);
			defaultConfigurationIsVisible = 0;
			defaultConfigurationName = Release;
		};
/* End XCConfigurationList section */
	};
	rootObject = F886304D1B4EF96200F53969 /* Project object */;
}
