// !$*UTF8*$!
{
    archiveVersion = 1;
    classes = {};
    objectVersion = 46;
    rootObject = __RootObject_;
    objects = {
        __RootObject_ = {
            isa = PBXProject;
            attributes = {LastUpgradeCheck = 9999;};
            buildConfigurationList = ___RootConfs_;
            compatibilityVersion = 'Xcode 3.2';
            developmentRegion = English;
            hasScannedForEncodings = 0;
            knownRegions = (en);
            mainGroup = ___RootGroup_;
            productRefGroup = ____Products_;
            projectDirPath = '';
            projectRoot = '';
            targets = (______Target_Curry);
        };
        '__PBXFileRef_Package.swift' = {
            isa = PBXFileReference;
            lastKnownFileType = sourcecode.swift;
            path = 'Package.swift';
            sourceTree = '<group>';
        };
        '__PBXFileRef_bin' = {
            isa = PBXFileReference;
            lastKnownFileType = folder;
            name = 'bin';
            path = 'bin';
            sourceTree = '<group>';
        };
        '__PBXFileRef_Resources' = {
            isa = PBXFileReference;
            lastKnownFileType = folder;
            name = 'Resources';
            path = 'Resources';
            sourceTree = '<group>';
        };
        ___RootGroup_ = {
            isa = PBXGroup;
            children = ('__PBXFileRef_Package.swift', _____Configs_, _____Sources_, '__PBXFileRef_bin','__PBXFileRef_Resources', Dependencies_, _______Tests_, ____Products_);
            sourceTree = '<group>';
        };
        __PBXFileRef_Curry_Info.plist = {
            isa = PBXFileReference;
            lastKnownFileType = text.plist.xml;
            path = 'Curry.xcodeproj/Curry_Info.plist';
            sourceTree = SOURCE_ROOT;
        };
        _______Group_Curry = {
            isa = PBXGroup;
            name = 'Curry';
            path = 'Source';
            sourceTree = '<group>';
            children = ('__PBXFileRef_Source/Curry.swift', __PBXFileRef_Curry_Info.plist);
        };
        '__PBXFileRef_Source/Curry.swift' = {
            isa = PBXFileReference;
            lastKnownFileType = sourcecode.swift;
            path = 'Curry.swift';
            sourceTree = '<group>';
        };
        ______Target_Curry = {
            isa = PBXNativeTarget;
            buildConfigurationList = _______Confs_Curry;
            buildPhases = (CompilePhase_Curry, ___LinkPhase_Curry);
            buildRules = ();
            dependencies = ();
            name = 'Curry';
            productName = Curry;
            productReference = _____Product_Curry;
            productType = 'com.apple.product-type.framework';
        };
        _____Product_Curry = {
            isa = PBXFileReference;
            explicitFileType = 'wrapper.framework';
            path = 'RelativePath(_impl: Basic.(PathImpl in _F37600050464D58680C1E5753557C388)(string: "Curry.framework"))';
            sourceTree = BUILT_PRODUCTS_DIR;
        };
        CompilePhase_Curry = {
            isa = PBXSourcesBuildPhase;
            files = ('__src_cc_ref_Source/Curry.swift');
            runOnlyForDeploymentPostprocessing = 0;
        };
        '__src_cc_ref_Source/Curry.swift' = {
            isa = PBXBuildFile;
            fileRef = '__PBXFileRef_Source/Curry.swift';
        };
        ___LinkPhase_Curry = {
            isa = PBXFrameworksBuildPhase;
            files = ();
            runOnlyForDeploymentPostprocessing = 0;
        };
        _______Confs_Curry = {
            isa = XCConfigurationList;
            buildConfigurations = (___DebugConf_Curry, _ReleaseConf_Curry);
            defaultConfigurationIsVisible = 0;
            defaultConfigurationName = Debug;
        };
        ___DebugConf_Curry = {
            isa = XCBuildConfiguration;
            buildSettings = { SWIFT_VERSION = '3.0'; LD_RUNPATH_SEARCH_PATHS = '$(TOOLCHAIN_DIR)/usr/lib/swift/macosx'; PRODUCT_MODULE_NAME = '$(TARGET_NAME:c99extidentifier)'; ENABLE_TESTABILITY = 'YES'; OTHER_SWIFT_FLAGS = '$(inherited)'; INFOPLIST_FILE = 'Curry.xcodeproj/Curry_Info.plist'; FRAMEWORK_SEARCH_PATHS = '$(PLATFORM_DIR)/Developer/Library/Frameworks'; SWIFT_OPTIMIZATION_LEVEL = '-Onone'; PRODUCT_BUNDLE_IDENTIFIER = 'Curry'; PRODUCT_NAME = '$(TARGET_NAME:c99extidentifier)'; OTHER_LDFLAGS = '$(inherited)'; };
            name = Debug;
        };
        _ReleaseConf_Curry = {
            isa = XCBuildConfiguration;
            buildSettings = { SWIFT_VERSION = '3.0'; LD_RUNPATH_SEARCH_PATHS = '$(TOOLCHAIN_DIR)/usr/lib/swift/macosx'; PRODUCT_MODULE_NAME = '$(TARGET_NAME:c99extidentifier)'; ENABLE_TESTABILITY = 'YES'; OTHER_SWIFT_FLAGS = '$(inherited)'; INFOPLIST_FILE = 'Curry.xcodeproj/Curry_Info.plist'; FRAMEWORK_SEARCH_PATHS = '$(PLATFORM_DIR)/Developer/Library/Frameworks'; PRODUCT_BUNDLE_IDENTIFIER = 'Curry'; PRODUCT_NAME = '$(TARGET_NAME:c99extidentifier)'; OTHER_LDFLAGS = '$(inherited)'; };
            name = Release;
        };
        __Dependency_Curry = {
            isa = PBXTargetDependency;
            target = ______Target_Curry;
        };
        '__PBXFileRef_Curry.xcodeproj/Configs/Project.xcconfig' = {
            isa = PBXFileReference;
            lastKnownFileType = text.xcconfig;
            path = 'Curry.xcodeproj/Configs/Project.xcconfig';
            sourceTree = '<group>';
        };
        _____Configs_ = {
            isa = PBXGroup;
            children = ('__PBXFileRef_Curry.xcodeproj/Configs/Project.xcconfig');
            name = Configs;
            sourceTree = '<group>';
        };
        _____Sources_ = {
            isa = PBXGroup;
            children = (_______Group_Curry);
            name = Sources;
            sourceTree = '<group>';
        };
        ____Products_ = {
            isa = PBXGroup;
            children = (_____Product_Curry);
            name = Products;
            sourceTree = '<group>';
        };
        _______Debug_ = {
            isa = XCBuildConfiguration;
            baseConfigurationReference = '__PBXFileRef_Curry.xcodeproj/Configs/Project.xcconfig';
            buildSettings = {};
            name = Debug;
        };
        _____Release_ = {
            isa = XCBuildConfiguration;
            baseConfigurationReference = '__PBXFileRef_Curry.xcodeproj/Configs/Project.xcconfig';
            buildSettings = {};
            name = Release;
        };
        ___RootConfs_ = {
            isa = XCConfigurationList;
            buildConfigurations = (_______Debug_, _____Release_);
            defaultConfigurationIsVisible = 0;
            defaultConfigurationName = Debug;
        };
    };
}
